
Microsoft Visual Studio Solution File, Format Version 12.00
# Visual Studio Version 16
VisualStudioVersion = 16.0.29806.167
MinimumVisualStudioVersion = 10.0.40219.1
Project("{2150E333-8FDC-42A3-9474-1A3956D46DE8}") = "src", "src", "{AFAA0841-BD93-466F-B8F4-FB4EEC86F1FC}"
EndProject
Project("{2150E333-8FDC-42A3-9474-1A3956D46DE8}") = "test", "test", "{F10AA149-2626-486E-85BB-9CD5365F3016}"
EndProject
Project("{9A19103F-16F7-4668-BE54-9A1E7A4F7556}") = "PearAdmin.AbpTemplate.Core", "src\PearAdmin.AbpTemplate.Core\PearAdmin.AbpTemplate.Core.csproj", "{0FA75A5B-AB83-4FD0-B545-279774C01E87}"
EndProject
Project("{9A19103F-16F7-4668-BE54-9A1E7A4F7556}") = "PearAdmin.AbpTemplate.Application", "src\PearAdmin.AbpTemplate.Application\PearAdmin.AbpTemplate.Application.csproj", "{3870C648-4AEA-4B85-BA3F-F2F63B96136A}"
EndProject
Project("{9A19103F-16F7-4668-BE54-9A1E7A4F7556}") = "PearAdmin.AbpTemplate.Application.Tests", "test\PearAdmin.AbpTemplate.Application.Tests\PearAdmin.AbpTemplate.Application.Tests.csproj", "{0D4C5D00-C144-4213-A007-4B8944113AB1}"
EndProject
Project("{9A19103F-16F7-4668-BE54-9A1E7A4F7556}") = "PearAdmin.AbpTemplate.Migrator", "tool\PearAdmin.AbpTemplate.Migrator\PearAdmin.AbpTemplate.Migrator.csproj", "{880B3591-E057-46FE-B525-10BD83828B93}"
EndProject
Project("{9A19103F-16F7-4668-BE54-9A1E7A4F7556}") = "PearAdmin.AbpTemplate.Admin", "src\PearAdmin.AbpTemplate.Admin\PearAdmin.AbpTemplate.Admin.csproj", "{A2213374-BB48-48FD-BBD4-81E6A961D866}"
EndProject
Project("{9A19103F-16F7-4668-BE54-9A1E7A4F7556}") = "PearAdmin.AbpTemplate.EntityFrameworkCore", "src\PearAdmin.AbpTemplate.EntityFrameworkCore\PearAdmin.AbpTemplate.EntityFrameworkCore.csproj", "{E0580562-F8F2-4EBB-B07A-ABFC6F2C314F}"
EndProject
Project("{9A19103F-16F7-4668-BE54-9A1E7A4F7556}") = "PearAdmin.AbpTemplate.Admin.Tests", "test\PearAdmin.AbpTemplate.Admin.Tests\PearAdmin.AbpTemplate.Admin.Tests.csproj", "{CA86CF6F-5D9E-4DAC-9CCB-0F87B519E087}"
EndProject
Project("{2150E333-8FDC-42A3-9474-1A3956D46DE8}") = "tool", "tool", "{0440FD52-239B-40E9-9EBC-34B36F698676}"
EndProject
Project("{9A19103F-16F7-4668-BE54-9A1E7A4F7556}") = "PearAdmin.AbpTemplate.Core.Tests", "test\PearAdmin.AbpTemplate.Core.Tests\PearAdmin.AbpTemplate.Core.Tests.csproj", "{4A7E8F99-4265-4B66-AB07-B8FAED794DE2}"
EndProject
Project("{9A19103F-16F7-4668-BE54-9A1E7A4F7556}") = "PearAdmin.AbpTemplate.Shared", "tool\PearAdmin.AbpTemplate.Shared\PearAdmin.AbpTemplate.Shared.csproj", "{B02066C3-0275-4DA9-B761-EF78FA7DB2F9}"
EndProject
Project("{9A19103F-16F7-4668-BE54-9A1E7A4F7556}") = "PearAdmin.AbpTemplate.Storage", "module\PearAdmin.AbpTemplate.Storage\PearAdmin.AbpTemplate.Storage.csproj", "{A0DBEC87-8CB7-4B8C-BD60-EE9FFBA759FB}"
EndProject
Project("{9A19103F-16F7-4668-BE54-9A1E7A4F7556}") = "PearAdmin.AbpTemplate.Storage.Minio", "module\PearAdmin.AbpTemplate.Storage.Minio\PearAdmin.AbpTemplate.Storage.Minio.csproj", "{5F21891C-72FC-4814-A2B4-3EE7E86F54C2}"
EndProject
Project("{9A19103F-16F7-4668-BE54-9A1E7A4F7556}") = "PearAdmin.AbpTemplate.Storage.Aliyun", "module\PearAdmin.AbpTemplate.Storage.Aliyun\PearAdmin.AbpTemplate.Storage.Aliyun.csproj", "{E5B76444-3961-42D9-996C-A10921B2EA04}"
EndProject
Project("{9A19103F-16F7-4668-BE54-9A1E7A4F7556}") = "PearAdmin.AbpTemplate.Gateway", "src\PearAdmin.AbpTemplate.Gateway\PearAdmin.AbpTemplate.Gateway.csproj", "{F17AF2E0-E290-43A6-8695-B653FA6446EE}"
EndProject
Project("{2150E333-8FDC-42A3-9474-1A3956D46DE8}") = "module", "module", "{A9CEE774-07BE-415D-935C-D42562C045F9}"
EndProject
Project("{9A19103F-16F7-4668-BE54-9A1E7A4F7556}") = "PearAdmin.AbpTemplate.Storage.Local", "module\PearAdmin.AbpTemplate.Storage.Local\PearAdmin.AbpTemplate.Storage.Local.csproj", "{91E47E05-561D-42C2-AFB8-2F567185E177}"
EndProject
Global
	GlobalSection(SolutionConfigurationPlatforms) = preSolution
		Debug|Any CPU = Debug|Any CPU
		Release|Any CPU = Release|Any CPU
	EndGlobalSection
	GlobalSection(ProjectConfigurationPlatforms) = postSolution
		{0FA75A5B-AB83-4FD0-B545-279774C01E87}.Debug|Any CPU.ActiveCfg = Debug|Any CPU
		{0FA75A5B-AB83-4FD0-B545-279774C01E87}.Debug|Any CPU.Build.0 = Debug|Any CPU
		{0FA75A5B-AB83-4FD0-B545-279774C01E87}.Release|Any CPU.ActiveCfg = Release|Any CPU
		{0FA75A5B-AB83-4FD0-B545-279774C01E87}.Release|Any CPU.Build.0 = Release|Any CPU
		{3870C648-4AEA-4B85-BA3F-F2F63B96136A}.Debug|Any CPU.ActiveCfg = Debug|Any CPU
		{3870C648-4AEA-4B85-BA3F-F2F63B96136A}.Debug|Any CPU.Build.0 = Debug|Any CPU
		{3870C648-4AEA-4B85-BA3F-F2F63B96136A}.Release|Any CPU.ActiveCfg = Release|Any CPU
		{3870C648-4AEA-4B85-BA3F-F2F63B96136A}.Release|Any CPU.Build.0 = Release|Any CPU
		{0D4C5D00-C144-4213-A007-4B8944113AB1}.Debug|Any CPU.ActiveCfg = Debug|Any CPU
		{0D4C5D00-C144-4213-A007-4B8944113AB1}.Debug|Any CPU.Build.0 = Debug|Any CPU
		{0D4C5D00-C144-4213-A007-4B8944113AB1}.Release|Any CPU.ActiveCfg = Release|Any CPU
		{0D4C5D00-C144-4213-A007-4B8944113AB1}.Release|Any CPU.Build.0 = Release|Any CPU
		{880B3591-E057-46FE-B525-10BD83828B93}.Debug|Any CPU.ActiveCfg = Debug|Any CPU
		{880B3591-E057-46FE-B525-10BD83828B93}.Debug|Any CPU.Build.0 = Debug|Any CPU
		{880B3591-E057-46FE-B525-10BD83828B93}.Release|Any CPU.ActiveCfg = Release|Any CPU
		{880B3591-E057-46FE-B525-10BD83828B93}.Release|Any CPU.Build.0 = Release|Any CPU
		{A2213374-BB48-48FD-BBD4-81E6A961D866}.Debug|Any CPU.ActiveCfg = Debug|Any CPU
		{A2213374-BB48-48FD-BBD4-81E6A961D866}.Debug|Any CPU.Build.0 = Debug|Any CPU
		{A2213374-BB48-48FD-BBD4-81E6A961D866}.Release|Any CPU.ActiveCfg = Release|Any CPU
		{A2213374-BB48-48FD-BBD4-81E6A961D866}.Release|Any CPU.Build.0 = Release|Any CPU
		{E0580562-F8F2-4EBB-B07A-ABFC6F2C314F}.Debug|Any CPU.ActiveCfg = Debug|Any CPU
		{E0580562-F8F2-4EBB-B07A-ABFC6F2C314F}.Debug|Any CPU.Build.0 = Debug|Any CPU
		{E0580562-F8F2-4EBB-B07A-ABFC6F2C314F}.Release|Any CPU.ActiveCfg = Release|Any CPU
		{E0580562-F8F2-4EBB-B07A-ABFC6F2C314F}.Release|Any CPU.Build.0 = Release|Any CPU
		{CA86CF6F-5D9E-4DAC-9CCB-0F87B519E087}.Debug|Any CPU.ActiveCfg = Debug|Any CPU
		{CA86CF6F-5D9E-4DAC-9CCB-0F87B519E087}.Debug|Any CPU.Build.0 = Debug|Any CPU
		{CA86CF6F-5D9E-4DAC-9CCB-0F87B519E087}.Release|Any CPU.ActiveCfg = Release|Any CPU
		{CA86CF6F-5D9E-4DAC-9CCB-0F87B519E087}.Release|Any CPU.Build.0 = Release|Any CPU
		{4A7E8F99-4265-4B66-AB07-B8FAED794DE2}.Debug|Any CPU.ActiveCfg = Debug|Any CPU
		{4A7E8F99-4265-4B66-AB07-B8FAED794DE2}.Debug|Any CPU.Build.0 = Debug|Any CPU
		{4A7E8F99-4265-4B66-AB07-B8FAED794DE2}.Release|Any CPU.ActiveCfg = Release|Any CPU
		{4A7E8F99-4265-4B66-AB07-B8FAED794DE2}.Release|Any CPU.Build.0 = Release|Any CPU
		{B02066C3-0275-4DA9-B761-EF78FA7DB2F9}.Debug|Any CPU.ActiveCfg = Debug|Any CPU
		{B02066C3-0275-4DA9-B761-EF78FA7DB2F9}.Debug|Any CPU.Build.0 = Debug|Any CPU
		{B02066C3-0275-4DA9-B761-EF78FA7DB2F9}.Release|Any CPU.ActiveCfg = Release|Any CPU
		{B02066C3-0275-4DA9-B761-EF78FA7DB2F9}.Release|Any CPU.Build.0 = Release|Any CPU
		{A0DBEC87-8CB7-4B8C-BD60-EE9FFBA759FB}.Debug|Any CPU.ActiveCfg = Debug|Any CPU
		{A0DBEC87-8CB7-4B8C-BD60-EE9FFBA759FB}.Debug|Any CPU.Build.0 = Debug|Any CPU
		{A0DBEC87-8CB7-4B8C-BD60-EE9FFBA759FB}.Release|Any CPU.ActiveCfg = Release|Any CPU
		{A0DBEC87-8CB7-4B8C-BD60-EE9FFBA759FB}.Release|Any CPU.Build.0 = Release|Any CPU
		{5F21891C-72FC-4814-A2B4-3EE7E86F54C2}.Debug|Any CPU.ActiveCfg = Debug|Any CPU
		{5F21891C-72FC-4814-A2B4-3EE7E86F54C2}.Debug|Any CPU.Build.0 = Debug|Any CPU
		{5F21891C-72FC-4814-A2B4-3EE7E86F54C2}.Release|Any CPU.ActiveCfg = Release|Any CPU
		{5F21891C-72FC-4814-A2B4-3EE7E86F54C2}.Release|Any CPU.Build.0 = Release|Any CPU
		{E5B76444-3961-42D9-996C-A10921B2EA04}.Debug|Any CPU.ActiveCfg = Debug|Any CPU
		{E5B76444-3961-42D9-996C-A10921B2EA04}.Debug|Any CPU.Build.0 = Debug|Any CPU
		{E5B76444-3961-42D9-996C-A10921B2EA04}.Release|Any CPU.ActiveCfg = Release|Any CPU
		{E5B76444-3961-42D9-996C-A10921B2EA04}.Release|Any CPU.Build.0 = Release|Any CPU
		{F17AF2E0-E290-43A6-8695-B653FA6446EE}.Debug|Any CPU.ActiveCfg = Debug|Any CPU
		{F17AF2E0-E290-43A6-8695-B653FA6446EE}.Debug|Any CPU.Build.0 = Debug|Any CPU
		{F17AF2E0-E290-43A6-8695-B653FA6446EE}.Release|Any CPU.ActiveCfg = Release|Any CPU
		{F17AF2E0-E290-43A6-8695-B653FA6446EE}.Release|Any CPU.Build.0 = Release|Any CPU
		{91E47E05-561D-42C2-AFB8-2F567185E177}.Debug|Any CPU.ActiveCfg = Debug|Any CPU
		{91E47E05-561D-42C2-AFB8-2F567185E177}.Debug|Any CPU.Build.0 = Debug|Any CPU
		{91E47E05-561D-42C2-AFB8-2F567185E177}.Release|Any CPU.ActiveCfg = Release|Any CPU
		{91E47E05-561D-42C2-AFB8-2F567185E177}.Release|Any CPU.Build.0 = Release|Any CPU
	EndGlobalSection
	GlobalSection(SolutionProperties) = preSolution
		HideSolutionNode = FALSE
	EndGlobalSection
	GlobalSection(NestedProjects) = preSolution
		{0FA75A5B-AB83-4FD0-B545-279774C01E87} = {AFAA0841-BD93-466F-B8F4-FB4EEC86F1FC}
		{3870C648-4AEA-4B85-BA3F-F2F63B96136A} = {AFAA0841-BD93-466F-B8F4-FB4EEC86F1FC}
		{0D4C5D00-C144-4213-A007-4B8944113AB1} = {F10AA149-2626-486E-85BB-9CD5365F3016}
		{880B3591-E057-46FE-B525-10BD83828B93} = {0440FD52-239B-40E9-9EBC-34B36F698676}
		{A2213374-BB48-48FD-BBD4-81E6A961D866} = {AFAA0841-BD93-466F-B8F4-FB4EEC86F1FC}
		{E0580562-F8F2-4EBB-B07A-ABFC6F2C314F} = {AFAA0841-BD93-466F-B8F4-FB4EEC86F1FC}
		{CA86CF6F-5D9E-4DAC-9CCB-0F87B519E087} = {F10AA149-2626-486E-85BB-9CD5365F3016}
		{4A7E8F99-4265-4B66-AB07-B8FAED794DE2} = {F10AA149-2626-486E-85BB-9CD5365F3016}
		{B02066C3-0275-4DA9-B761-EF78FA7DB2F9} = {0440FD52-239B-40E9-9EBC-34B36F698676}
		{A0DBEC87-8CB7-4B8C-BD60-EE9FFBA759FB} = {A9CEE774-07BE-415D-935C-D42562C045F9}
		{5F21891C-72FC-4814-A2B4-3EE7E86F54C2} = {A9CEE774-07BE-415D-935C-D42562C045F9}
		{E5B76444-3961-42D9-996C-A10921B2EA04} = {A9CEE774-07BE-415D-935C-D42562C045F9}
		{F17AF2E0-E290-43A6-8695-B653FA6446EE} = {AFAA0841-BD93-466F-B8F4-FB4EEC86F1FC}
		{91E47E05-561D-42C2-AFB8-2F567185E177} = {A9CEE774-07BE-415D-935C-D42562C045F9}
	EndGlobalSection
	GlobalSection(ExtensibilityGlobals) = postSolution
		SolutionGuid = {C6B33810-FA59-48A3-9DC4-F1F0312C57F6}
	EndGlobalSection
EndGlobal
